{
    "_readme": [
        "This file locks the dependencies of your project to a known state",
        "Read more about it at https://getcomposer.org/doc/01-basic-usage.md#composer-lock-the-lock-file",
        "This file is @generated automatically"
    ],
    "hash": "281790784afdc5384b3b43af6f8d0aa0",
    "packages": [
        {
            "name": "components/jquery",
            "version": "2.1.4",
            "source": {
                "type": "git",
                "url": "https://github.com/components/jquery.git",
                "reference": "7b1d1104656a092423fbfba13c5920e9bbba290c"
            },
            "dist": {
                "type": "zip",
                "url": "https://api.github.com/repos/components/jquery/zipball/7b1d1104656a092423fbfba13c5920e9bbba290c",
                "reference": "7b1d1104656a092423fbfba13c5920e9bbba290c",
                "shasum": ""
            },
            "type": "component",
            "extra": {
                "component": {
                    "scripts": [
                        "jquery.js"
                    ],
                    "files": [
                        "jquery.min.js",
                        "jquery.min.map",
                        "jquery-migrate.js",
                        "jquery-migrate.min.js"
                    ]
                }
            },
            "notification-url": "https://packagist.org/downloads/",
            "license": [
                "MIT"
            ],
            "authors": [
                {
                    "name": "John Resig",
                    "email": "jeresig@gmail.com"
                }
            ],
            "description": "jQuery JavaScript Library",
            "homepage": "http://jquery.com",
            "time": "2015-05-08 05:04:47"
        },
        {
            "name": "phpmailer/phpmailer",
            "version": "v5.2.10",
            "source": {
                "type": "git",
                "url": "https://github.com/PHPMailer/PHPMailer.git",
                "reference": "07005ecbb80d11ec8c0f067bb37e8909cc7fcbb7"
            },
            "dist": {
                "type": "zip",
                "url": "https://api.github.com/repos/PHPMailer/PHPMailer/zipball/07005ecbb80d11ec8c0f067bb37e8909cc7fcbb7",
                "reference": "07005ecbb80d11ec8c0f067bb37e8909cc7fcbb7",
                "shasum": ""
            },
            "require": {
                "php": ">=5.0.0"
            },
            "require-dev": {
                "phpdocumentor/phpdocumentor": "*",
                "phpunit/phpunit": "4.3.*"
            },
            "type": "library",
            "autoload": {
                "classmap": [
                    "class.phpmailer.php",
                    "class.smtp.php",
                    "class.pop3.php",
                    "extras/EasyPeasyICS.php",
                    "extras/ntlm_sasl_client.php"
                ]
            },
            "notification-url": "https://packagist.org/downloads/",
            "license": [
                "LGPL-2.1"
            ],
            "authors": [
                {
                    "name": "Jim Jagielski",
                    "email": "jimjag@gmail.com"
                },
                {
                    "name": "Marcus Bointon",
                    "email": "phpmailer@synchromedia.co.uk"
                },
                {
                    "name": "Andy Prevost",
                    "email": "codeworxtech@users.sourceforge.net"
                },
                {
                    "name": "Brent R. Matzelle"
                }
            ],
            "description": "PHPMailer is a full-featured email creation and transfer class for PHP",
            "time": "2015-05-04 12:37:21"
        },
        {
            "name": "semantic/ui",
            "version": "2.0.7",
            "source": {
                "type": "git",
                "url": "https://github.com/Semantic-Org/Semantic-UI.git",
                "reference": "8b3b9d3b7fea2d29ce4945e9ae2b8b46cde672d4"
            },
            "dist": {
                "type": "zip",
                "url": "https://api.github.com/repos/Semantic-Org/Semantic-UI/zipball/8b3b9d3b7fea2d29ce4945e9ae2b8b46cde672d4",
                "reference": "8b3b9d3b7fea2d29ce4945e9ae2b8b46cde672d4",
                "shasum": ""
            },
            "type": "library",
            "notification-url": "https://packagist.org/downloads/",
            "license": [
                "MIT"
            ],
            "authors": [
                {
                    "name": "Jack Lukic",
                    "email": "jacklukic@gmail.com",
                    "homepage": "http://www.jacklukic.com",
                    "role": "Creator"
                }
            ],
            "description": "Semantic empowers designers and developers by creating a shared vocabulary for UI.",
            "homepage": "http://www.semantic-ui.com",
            "keywords": [
                "css",
                "framework",
                "semantic",
                "ui"
            ],
            "time": "2015-07-23 21:35:13"
        }
    ],
    "packages-dev": [],
    "aliases": [],
    "minimum-stability": "stable",
    "stability-flags": [],
    "prefer-stable": false,
    "prefer-lowest": false,
    "platform": [],
    "platform-dev": []
}
